
Microsoft Visual Studio Solution File, Format Version 12.00
# Visual Studio Version 17
VisualStudioVersion = 17.10.35013.160
MinimumVisualStudioVersion = 10.0.40219.1
Project("{FAE04EC0-301F-11D3-BF4B-00C04F79EFBC}") = "Exo_Temperature", "Exo_Temperature\Exo_Temperature.csproj", "{F7012F56-4980-4385-8CDF-10023B40703F}"
EndProject
Global
	GlobalSection(SolutionConfigurationPlatforms) = preSolution
		Debug|Any CPU = Debug|Any CPU
		Release|Any CPU = Release|Any CPU
	EndGlobalSection
	GlobalSection(ProjectConfigurationPlatforms) = postSolution
		{F7012F56-4980-4385-8CDF-10023B40703F}.Debug|Any CPU.ActiveCfg = Debug|Any CPU
		{F7012F56-4980-4385-8CDF-10023B40703F}.Debug|Any CPU.Build.0 = Debug|Any CPU
		{F7012F56-4980-4385-8CDF-10023B40703F}.Release|Any CPU.ActiveCfg = Release|Any CPU
		{F7012F56-4980-4385-8CDF-10023B40703F}.Release|Any CPU.Build.0 = Release|Any CPU
	EndGlobalSection
	GlobalSection(SolutionProperties) = preSolution
		HideSolutionNode = FALSE
	EndGlobalSection
	GlobalSection(ExtensibilityGlobals) = postSolution
		SolutionGuid = {E4C1A18E-12C9-4B03-9AFD-66AB5B5EF7D2}
	EndGlobalSection
EndGlobal
